
Microsoft Visual Studio Solution File, Format Version 12.00
# Visual Studio Version 17
VisualStudioVersion = 17.14.36518.9 d17.14
MinimumVisualStudioVersion = 10.0.40219.1
Project("{FAE04EC0-301F-11D3-BF4B-00C04F79EFBC}") = "P6_1_714240035", "P6_1_714240035\P6_1_714240035.csproj", "{ED0CF29B-72EF-4F5B-A836-F2F8F87FA960}"
EndProject
Global
	GlobalSection(SolutionConfigurationPlatforms) = preSolution
		Debug|Any CPU = Debug|Any CPU
		Release|Any CPU = Release|Any CPU
	EndGlobalSection
	GlobalSection(ProjectConfigurationPlatforms) = postSolution
		{ED0CF29B-72EF-4F5B-A836-F2F8F87FA960}.Debug|Any CPU.ActiveCfg = Debug|Any CPU
		{ED0CF29B-72EF-4F5B-A836-F2F8F87FA960}.Debug|Any CPU.Build.0 = Debug|Any CPU
		{ED0CF29B-72EF-4F5B-A836-F2F8F87FA960}.Release|Any CPU.ActiveCfg = Release|Any CPU
		{ED0CF29B-72EF-4F5B-A836-F2F8F87FA960}.Release|Any CPU.Build.0 = Release|Any CPU
	EndGlobalSection
	GlobalSection(SolutionProperties) = preSolution
		HideSolutionNode = FALSE
	EndGlobalSection
	GlobalSection(ExtensibilityGlobals) = postSolution
		SolutionGuid = {9E50317C-EAB3-4A1D-98E7-606E82DEAEF5}
	EndGlobalSection
EndGlobal
