
Microsoft Visual Studio Solution File, Format Version 12.00
# Visual Studio Version 17
VisualStudioVersion = 17.14.36518.9 d17.14
MinimumVisualStudioVersion = 10.0.40219.1
Project("{FAE04EC0-301F-11D3-BF4B-00C04F79EFBC}") = "P5_4_714240035", "P5_4_714240035\P5_4_714240035.csproj", "{515B32E7-2950-40CA-BA00-16F81A6271E1}"
EndProject
Global
	GlobalSection(SolutionConfigurationPlatforms) = preSolution
		Debug|Any CPU = Debug|Any CPU
		Release|Any CPU = Release|Any CPU
	EndGlobalSection
	GlobalSection(ProjectConfigurationPlatforms) = postSolution
		{515B32E7-2950-40CA-BA00-16F81A6271E1}.Debug|Any CPU.ActiveCfg = Debug|Any CPU
		{515B32E7-2950-40CA-BA00-16F81A6271E1}.Debug|Any CPU.Build.0 = Debug|Any CPU
		{515B32E7-2950-40CA-BA00-16F81A6271E1}.Release|Any CPU.ActiveCfg = Release|Any CPU
		{515B32E7-2950-40CA-BA00-16F81A6271E1}.Release|Any CPU.Build.0 = Release|Any CPU
	EndGlobalSection
	GlobalSection(SolutionProperties) = preSolution
		HideSolutionNode = FALSE
	EndGlobalSection
	GlobalSection(ExtensibilityGlobals) = postSolution
		SolutionGuid = {800454B4-7CAE-4948-8D87-70736E9E9C8C}
	EndGlobalSection
EndGlobal
